
Microsoft Visual Studio Solution File, Format Version 12.00
# Visual Studio 15
VisualStudioVersion = 15.0.28307.329
MinimumVisualStudioVersion = 10.0.40219.1
Project("{9A19103F-16F7-4668-BE54-9A1E7A4F7556}") = "Bots.MegaSena.Html", "Bots.MegaSena\Bots.MegaSena.Html.csproj", "{CD3B2A41-D007-4225-9FC8-0F3C44B8F61D}"
EndProject
Project("{9A19103F-16F7-4668-BE54-9A1E7A4F7556}") = "Bots.MegaSena.Json", "Bots.MegaSena.Json\Bots.MegaSena.Json.csproj", "{239D00F1-10E7-4835-98D0-AB257CFD242F}"
EndProject
Project("{9A19103F-16F7-4668-BE54-9A1E7A4F7556}") = "Bots.Instagram.Profile", "Bots.Instagram.Profile\Bots.Instagram.Profile.csproj", "{0E7AC81B-3D38-42E8-A05A-54FCA5D9C2E4}"
EndProject
Project("{9A19103F-16F7-4668-BE54-9A1E7A4F7556}") = "Bots.Instagram.Selenium", "Bots.Instagram.Selenium\Bots.Instagram.Selenium.csproj", "{AF7D8374-82FC-409B-9A7D-AE20A1F6C003}"
EndProject
Project("{FAE04EC0-301F-11D3-BF4B-00C04F79EFBC}") = "Bots.Youtube.View.Selenium", "Bots.Youtube.View\Bots.Youtube.View.Selenium.csproj", "{4BECB63A-66DC-46DF-A17C-10CEA8115273}"
EndProject
Project("{FAE04EC0-301F-11D3-BF4B-00C04F79EFBC}") = "Bots.Github.Repositories", "Bots.Github.Repositories\Bots.Github.Repositories.csproj", "{36C6338C-DED6-460F-BE1C-E6B0859A01B1}"
EndProject
Global
	GlobalSection(SolutionConfigurationPlatforms) = preSolution
		Debug|Any CPU = Debug|Any CPU
		Release|Any CPU = Release|Any CPU
	EndGlobalSection
	GlobalSection(ProjectConfigurationPlatforms) = postSolution
		{CD3B2A41-D007-4225-9FC8-0F3C44B8F61D}.Debug|Any CPU.ActiveCfg = Debug|Any CPU
		{CD3B2A41-D007-4225-9FC8-0F3C44B8F61D}.Debug|Any CPU.Build.0 = Debug|Any CPU
		{CD3B2A41-D007-4225-9FC8-0F3C44B8F61D}.Release|Any CPU.ActiveCfg = Release|Any CPU
		{CD3B2A41-D007-4225-9FC8-0F3C44B8F61D}.Release|Any CPU.Build.0 = Release|Any CPU
		{239D00F1-10E7-4835-98D0-AB257CFD242F}.Debug|Any CPU.ActiveCfg = Debug|Any CPU
		{239D00F1-10E7-4835-98D0-AB257CFD242F}.Debug|Any CPU.Build.0 = Debug|Any CPU
		{239D00F1-10E7-4835-98D0-AB257CFD242F}.Release|Any CPU.ActiveCfg = Release|Any CPU
		{239D00F1-10E7-4835-98D0-AB257CFD242F}.Release|Any CPU.Build.0 = Release|Any CPU
		{0E7AC81B-3D38-42E8-A05A-54FCA5D9C2E4}.Debug|Any CPU.ActiveCfg = Debug|Any CPU
		{0E7AC81B-3D38-42E8-A05A-54FCA5D9C2E4}.Debug|Any CPU.Build.0 = Debug|Any CPU
		{0E7AC81B-3D38-42E8-A05A-54FCA5D9C2E4}.Release|Any CPU.ActiveCfg = Release|Any CPU
		{0E7AC81B-3D38-42E8-A05A-54FCA5D9C2E4}.Release|Any CPU.Build.0 = Release|Any CPU
		{AF7D8374-82FC-409B-9A7D-AE20A1F6C003}.Debug|Any CPU.ActiveCfg = Debug|Any CPU
		{AF7D8374-82FC-409B-9A7D-AE20A1F6C003}.Debug|Any CPU.Build.0 = Debug|Any CPU
		{AF7D8374-82FC-409B-9A7D-AE20A1F6C003}.Release|Any CPU.ActiveCfg = Release|Any CPU
		{AF7D8374-82FC-409B-9A7D-AE20A1F6C003}.Release|Any CPU.Build.0 = Release|Any CPU
		{4BECB63A-66DC-46DF-A17C-10CEA8115273}.Debug|Any CPU.ActiveCfg = Debug|Any CPU
		{4BECB63A-66DC-46DF-A17C-10CEA8115273}.Debug|Any CPU.Build.0 = Debug|Any CPU
		{4BECB63A-66DC-46DF-A17C-10CEA8115273}.Release|Any CPU.ActiveCfg = Release|Any CPU
		{4BECB63A-66DC-46DF-A17C-10CEA8115273}.Release|Any CPU.Build.0 = Release|Any CPU
		{36C6338C-DED6-460F-BE1C-E6B0859A01B1}.Debug|Any CPU.ActiveCfg = Debug|Any CPU
		{36C6338C-DED6-460F-BE1C-E6B0859A01B1}.Debug|Any CPU.Build.0 = Debug|Any CPU
		{36C6338C-DED6-460F-BE1C-E6B0859A01B1}.Release|Any CPU.ActiveCfg = Release|Any CPU
		{36C6338C-DED6-460F-BE1C-E6B0859A01B1}.Release|Any CPU.Build.0 = Release|Any CPU
	EndGlobalSection
	GlobalSection(SolutionProperties) = preSolution
		HideSolutionNode = FALSE
	EndGlobalSection
	GlobalSection(ExtensibilityGlobals) = postSolution
		SolutionGuid = {10041CA7-A6CA-4413-919D-8A43576C5D1B}
	EndGlobalSection
EndGlobal
